
Microsoft Visual Studio Solution File, Format Version 12.00
# Visual Studio Version 17
VisualStudioVersion = 17.13.35806.99 d17.13
MinimumVisualStudioVersion = 10.0.40219.1
Project("{FAE04EC0-301F-11D3-BF4B-00C04F79EFBC}") = "RecapProject1", "RecapProject1\RecapProject1.csproj", "{2C5B934A-E7FC-4CCE-91D8-4BC4FE8E520A}"
EndProject
Global
	GlobalSection(SolutionConfigurationPlatforms) = preSolution
		Debug|Any CPU = Debug|Any CPU
		Release|Any CPU = Release|Any CPU
	EndGlobalSection
	GlobalSection(ProjectConfigurationPlatforms) = postSolution
		{2C5B934A-E7FC-4CCE-91D8-4BC4FE8E520A}.Debug|Any CPU.ActiveCfg = Debug|Any CPU
		{2C5B934A-E7FC-4CCE-91D8-4BC4FE8E520A}.Debug|Any CPU.Build.0 = Debug|Any CPU
		{2C5B934A-E7FC-4CCE-91D8-4BC4FE8E520A}.Release|Any CPU.ActiveCfg = Release|Any CPU
		{2C5B934A-E7FC-4CCE-91D8-4BC4FE8E520A}.Release|Any CPU.Build.0 = Release|Any CPU
	EndGlobalSection
	GlobalSection(SolutionProperties) = preSolution
		HideSolutionNode = FALSE
	EndGlobalSection
	GlobalSection(ExtensibilityGlobals) = postSolution
		SolutionGuid = {A50968FD-4928-454D-83F2-2976C1734870}
	EndGlobalSection
EndGlobal
