
Microsoft Visual Studio Solution File, Format Version 12.00
# Visual Studio Version 17
VisualStudioVersion = 17.13.35806.99 d17.13
MinimumVisualStudioVersion = 10.0.40219.1
Project("{FAE04EC0-301F-11D3-BF4B-00C04F79EFBC}") = "Northwind.Entities", "Northwinds.Entities\Northwind.Entities.csproj", "{2FF7E945-06DD-48EF-A542-8DF8E949D377}"
EndProject
Project("{FAE04EC0-301F-11D3-BF4B-00C04F79EFBC}") = "Northwind.DataAccess", "Northwind.DataAccess\Northwind.DataAccess.csproj", "{C700C4C9-8974-427A-B73C-E84E76BED09F}"
EndProject
Project("{FAE04EC0-301F-11D3-BF4B-00C04F79EFBC}") = "Northwin.Business", "Northwin.Business\Northwin.Business.csproj", "{277F1A23-9A7A-40E0-8A5F-D20EA28E6AC3}"
EndProject
Project("{FAE04EC0-301F-11D3-BF4B-00C04F79EFBC}") = "Northwind.WebFormsUI", "Northwind.WebFormsUI\Northwind.WebFormsUI.csproj", "{18493D78-0223-4E85-8042-5E1CADC01507}"
EndProject
Global
	GlobalSection(SolutionConfigurationPlatforms) = preSolution
		Debug|Any CPU = Debug|Any CPU
		Release|Any CPU = Release|Any CPU
	EndGlobalSection
	GlobalSection(ProjectConfigurationPlatforms) = postSolution
		{2FF7E945-06DD-48EF-A542-8DF8E949D377}.Debug|Any CPU.ActiveCfg = Debug|Any CPU
		{2FF7E945-06DD-48EF-A542-8DF8E949D377}.Debug|Any CPU.Build.0 = Debug|Any CPU
		{2FF7E945-06DD-48EF-A542-8DF8E949D377}.Release|Any CPU.ActiveCfg = Release|Any CPU
		{2FF7E945-06DD-48EF-A542-8DF8E949D377}.Release|Any CPU.Build.0 = Release|Any CPU
		{C700C4C9-8974-427A-B73C-E84E76BED09F}.Debug|Any CPU.ActiveCfg = Debug|Any CPU
		{C700C4C9-8974-427A-B73C-E84E76BED09F}.Debug|Any CPU.Build.0 = Debug|Any CPU
		{C700C4C9-8974-427A-B73C-E84E76BED09F}.Release|Any CPU.ActiveCfg = Release|Any CPU
		{C700C4C9-8974-427A-B73C-E84E76BED09F}.Release|Any CPU.Build.0 = Release|Any CPU
		{277F1A23-9A7A-40E0-8A5F-D20EA28E6AC3}.Debug|Any CPU.ActiveCfg = Debug|Any CPU
		{277F1A23-9A7A-40E0-8A5F-D20EA28E6AC3}.Debug|Any CPU.Build.0 = Debug|Any CPU
		{277F1A23-9A7A-40E0-8A5F-D20EA28E6AC3}.Release|Any CPU.ActiveCfg = Release|Any CPU
		{277F1A23-9A7A-40E0-8A5F-D20EA28E6AC3}.Release|Any CPU.Build.0 = Release|Any CPU
		{18493D78-0223-4E85-8042-5E1CADC01507}.Debug|Any CPU.ActiveCfg = Debug|Any CPU
		{18493D78-0223-4E85-8042-5E1CADC01507}.Debug|Any CPU.Build.0 = Debug|Any CPU
		{18493D78-0223-4E85-8042-5E1CADC01507}.Release|Any CPU.ActiveCfg = Release|Any CPU
		{18493D78-0223-4E85-8042-5E1CADC01507}.Release|Any CPU.Build.0 = Release|Any CPU
	EndGlobalSection
	GlobalSection(SolutionProperties) = preSolution
		HideSolutionNode = FALSE
	EndGlobalSection
	GlobalSection(ExtensibilityGlobals) = postSolution
		SolutionGuid = {54EE88B4-56B2-4E47-890C-2FB4A7835EC0}
	EndGlobalSection
EndGlobal
